
Microsoft Visual Studio Solution File, Format Version 12.00
Project("{FAE04EC0-301F-11D3-BF4B-00C04F79EFBC}") = "Http.Client.Options", "Http.Client.Options\Http.Client.Options.csproj", "{7B6689F5-99AA-4428-86A2-7BAE17E5F22E}"
EndProject
Project("{FAE04EC0-301F-11D3-BF4B-00C04F79EFBC}") = "Http.Options.Benchmarks", "Http.Options.Benchmarks\Http.Options.Benchmarks.csproj", "{E0DB1447-72F0-4274-B9D1-AA7B8C4A5215}"
EndProject
Project("{FAE04EC0-301F-11D3-BF4B-00C04F79EFBC}") = "Http.Options.UnitTests", "Http.Options.UnitTests\Http.Options.UnitTests.csproj", "{C9CD62E2-7039-4BF4-A92A-593623412F05}"
EndProject
Project("{2150E333-8FDC-42A3-9474-1A3956D46DE8}") = "SolutionItems", "SolutionItems", "{BCF1A367-D38D-4699-89FD-32E9F9D9E887}"
ProjectSection(SolutionItems) = preProject
	nuget_push.bat = nuget_push.bat
	.gitignore = .gitignore
EndProjectSection
EndProject
Project("{FAE04EC0-301F-11D3-BF4B-00C04F79EFBC}") = "Http.Client.Options.WireServer", "Http.Client.Options.WireServer\Http.Client.Options.WireServer.csproj", "{2B3F83D3-7BFE-42AA-A50D-43FE37D30135}"
EndProject
Project("{FAE04EC0-301F-11D3-BF4B-00C04F79EFBC}") = "Http.Options.Consule", "Http.Options.Consule\Http.Options.Consule.csproj", "{7FD162BC-AD8F-43B3-B192-C947616A54EA}"
EndProject
Global
	GlobalSection(SolutionConfigurationPlatforms) = preSolution
		Debug|Any CPU = Debug|Any CPU
		Release|Any CPU = Release|Any CPU
	EndGlobalSection
	GlobalSection(ProjectConfigurationPlatforms) = postSolution
		{7B6689F5-99AA-4428-86A2-7BAE17E5F22E}.Debug|Any CPU.ActiveCfg = Debug|Any CPU
		{7B6689F5-99AA-4428-86A2-7BAE17E5F22E}.Debug|Any CPU.Build.0 = Debug|Any CPU
		{7B6689F5-99AA-4428-86A2-7BAE17E5F22E}.Release|Any CPU.ActiveCfg = Release|Any CPU
		{7B6689F5-99AA-4428-86A2-7BAE17E5F22E}.Release|Any CPU.Build.0 = Release|Any CPU
		{E0DB1447-72F0-4274-B9D1-AA7B8C4A5215}.Debug|Any CPU.ActiveCfg = Debug|Any CPU
		{E0DB1447-72F0-4274-B9D1-AA7B8C4A5215}.Debug|Any CPU.Build.0 = Debug|Any CPU
		{E0DB1447-72F0-4274-B9D1-AA7B8C4A5215}.Release|Any CPU.ActiveCfg = Release|Any CPU
		{E0DB1447-72F0-4274-B9D1-AA7B8C4A5215}.Release|Any CPU.Build.0 = Release|Any CPU
		{C9CD62E2-7039-4BF4-A92A-593623412F05}.Debug|Any CPU.ActiveCfg = Debug|Any CPU
		{C9CD62E2-7039-4BF4-A92A-593623412F05}.Debug|Any CPU.Build.0 = Debug|Any CPU
		{C9CD62E2-7039-4BF4-A92A-593623412F05}.Release|Any CPU.ActiveCfg = Release|Any CPU
		{C9CD62E2-7039-4BF4-A92A-593623412F05}.Release|Any CPU.Build.0 = Release|Any CPU
		{2B3F83D3-7BFE-42AA-A50D-43FE37D30135}.Debug|Any CPU.ActiveCfg = Debug|Any CPU
		{2B3F83D3-7BFE-42AA-A50D-43FE37D30135}.Debug|Any CPU.Build.0 = Debug|Any CPU
		{2B3F83D3-7BFE-42AA-A50D-43FE37D30135}.Release|Any CPU.ActiveCfg = Release|Any CPU
		{2B3F83D3-7BFE-42AA-A50D-43FE37D30135}.Release|Any CPU.Build.0 = Release|Any CPU
		{7FD162BC-AD8F-43B3-B192-C947616A54EA}.Debug|Any CPU.ActiveCfg = Debug|Any CPU
		{7FD162BC-AD8F-43B3-B192-C947616A54EA}.Debug|Any CPU.Build.0 = Debug|Any CPU
		{7FD162BC-AD8F-43B3-B192-C947616A54EA}.Release|Any CPU.ActiveCfg = Release|Any CPU
		{7FD162BC-AD8F-43B3-B192-C947616A54EA}.Release|Any CPU.Build.0 = Release|Any CPU
	EndGlobalSection
EndGlobal
